
Microsoft Visual Studio Solution File, Format Version 12.00
# Visual Studio Version 17
VisualStudioVersion = 17.13.35818.85 d17.13
MinimumVisualStudioVersion = 10.0.40219.1
Project("{FAE04EC0-301F-11D3-BF4B-00C04F79EFBC}") = "labirent", "labirent\labirent.csproj", "{D630E383-C1A6-4E01-BF1B-A088F5BF239D}"
EndProject
Global
	GlobalSection(SolutionConfigurationPlatforms) = preSolution
		Debug|Any CPU = Debug|Any CPU
		Release|Any CPU = Release|Any CPU
	EndGlobalSection
	GlobalSection(ProjectConfigurationPlatforms) = postSolution
		{D630E383-C1A6-4E01-BF1B-A088F5BF239D}.Debug|Any CPU.ActiveCfg = Debug|Any CPU
		{D630E383-C1A6-4E01-BF1B-A088F5BF239D}.Debug|Any CPU.Build.0 = Debug|Any CPU
		{D630E383-C1A6-4E01-BF1B-A088F5BF239D}.Release|Any CPU.ActiveCfg = Release|Any CPU
		{D630E383-C1A6-4E01-BF1B-A088F5BF239D}.Release|Any CPU.Build.0 = Release|Any CPU
	EndGlobalSection
	GlobalSection(SolutionProperties) = preSolution
		HideSolutionNode = FALSE
	EndGlobalSection
	GlobalSection(ExtensibilityGlobals) = postSolution
		SolutionGuid = {A37C6527-6BCF-4A1D-A050-2B118DD52754}
	EndGlobalSection
EndGlobal
